PODS:
  - Alamofire (3.4.1)
  - AlamofireObjectMapper (3.0.2):
    - Alamofire (~> 3.2)
    - ObjectMapper (~> 1.0)
  - AsyncSwift (1.7.3)
  - ObjectMapper (1.4.0)
  - SwiftyUserDefaults (2.2.1)

DEPENDENCIES:
  - Alamofire (~> 3.0)
  - AlamofireObjectMapper
  - AsyncSwift
  - SwiftyUserDefaults

SPEC CHECKSUMS:
  Alamofire: 01a82e2f6c0f860ade35534c8dd88be61bdef40c
  AlamofireObjectMapper: 70f97cbf45c01c48d26aa07a1a7059a60ed7411d
  AsyncSwift: f3ad5dd077bbd1477e7573e87071a532fedaca1a
  ObjectMapper: a07ad0462c5adf014adc0f89ef04c29b626e855e
  SwiftyUserDefaults: 7abdba50a50ea0c18ee8903af3c88e4c1cb8448d

PODFILE CHECKSUM: d12086b617f796c83a579ba90e29d21dbd724c54

COCOAPODS: 1.0.1
